
Microsoft Visual Studio Solution File, Format Version 12.00
# Visual Studio Version 17
VisualStudioVersion = 17.10.34928.147
MinimumVisualStudioVersion = 10.0.40219.1
Project("{9A19103F-16F7-4668-BE54-9A1E7A4F7556}") = "Tp2WPF", "Tp2WPF\Tp2WPF.csproj", "{642743B1-85DF-4043-B2F4-4D444409E182}"
EndProject
Project("{FAE04EC0-301F-11D3-BF4B-00C04F79EFBC}") = "Tp2WPFTests", "Tp2WPFTests\Tp2WPFTests.csproj", "{9C9CCCE1-B226-460C-9AD7-F596114FEB5D}"
EndProject
Global
	GlobalSection(SolutionConfigurationPlatforms) = preSolution
		Debug|Any CPU = Debug|Any CPU
		Release|Any CPU = Release|Any CPU
	EndGlobalSection
	GlobalSection(ProjectConfigurationPlatforms) = postSolution
		{642743B1-85DF-4043-B2F4-4D444409E182}.Debug|Any CPU.ActiveCfg = Debug|Any CPU
		{642743B1-85DF-4043-B2F4-4D444409E182}.Debug|Any CPU.Build.0 = Debug|Any CPU
		{642743B1-85DF-4043-B2F4-4D444409E182}.Release|Any CPU.ActiveCfg = Release|Any CPU
		{642743B1-85DF-4043-B2F4-4D444409E182}.Release|Any CPU.Build.0 = Release|Any CPU
		{9C9CCCE1-B226-460C-9AD7-F596114FEB5D}.Debug|Any CPU.ActiveCfg = Debug|Any CPU
		{9C9CCCE1-B226-460C-9AD7-F596114FEB5D}.Debug|Any CPU.Build.0 = Debug|Any CPU
		{9C9CCCE1-B226-460C-9AD7-F596114FEB5D}.Release|Any CPU.ActiveCfg = Release|Any CPU
		{9C9CCCE1-B226-460C-9AD7-F596114FEB5D}.Release|Any CPU.Build.0 = Release|Any CPU
	EndGlobalSection
	GlobalSection(SolutionProperties) = preSolution
		HideSolutionNode = FALSE
	EndGlobalSection
	GlobalSection(ExtensibilityGlobals) = postSolution
		SolutionGuid = {33C7D619-9DF6-4501-B276-7F19E497E39F}
	EndGlobalSection
EndGlobal
